
Microsoft Visual Studio Solution File, Format Version 12.00
# Visual Studio Version 17
VisualStudioVersion = 17.5.002.0
MinimumVisualStudioVersion = 10.0.40219.1
Project("{9A19103F-16F7-4668-BE54-9A1E7A4F7556}") = "sharp", "sharp.csproj", "{9B8BBFBA-B8A6-4C4A-B564-E4E1F17132AF}"
EndProject
Global
	GlobalSection(SolutionConfigurationPlatforms) = preSolution
		Debug|Any CPU = Debug|Any CPU
		Release|Any CPU = Release|Any CPU
	EndGlobalSection
	GlobalSection(ProjectConfigurationPlatforms) = postSolution
		{9B8BBFBA-B8A6-4C4A-B564-E4E1F17132AF}.Debug|Any CPU.ActiveCfg = Debug|Any CPU
		{9B8BBFBA-B8A6-4C4A-B564-E4E1F17132AF}.Debug|Any CPU.Build.0 = Debug|Any CPU
		{9B8BBFBA-B8A6-4C4A-B564-E4E1F17132AF}.Release|Any CPU.ActiveCfg = Release|Any CPU
		{9B8BBFBA-B8A6-4C4A-B564-E4E1F17132AF}.Release|Any CPU.Build.0 = Release|Any CPU
	EndGlobalSection
	GlobalSection(SolutionProperties) = preSolution
		HideSolutionNode = FALSE
	EndGlobalSection
	GlobalSection(ExtensibilityGlobals) = postSolution
		SolutionGuid = {7787D2D5-9D94-4AA2-8AD0-D7D2BA4B05A6}
	EndGlobalSection
EndGlobal
